// !$*UTF8*$!
{
	archiveVersion = 1;
	classes = {
	};
	objectVersion = 46;
	objects = {

/* Begin PBXBuildFile section */
		1CAC7F451350DAE00A2615D3 /* Pods_TopTens.framework in Frameworks */ = {isa = PBXBuildFile; fileRef = E4EC1E8B995FBFA6A8EDDAA9 /* Pods_TopTens.framework */; };
		8317DD561F58DD8E00EEEF71 /* SignInToEmailViewController.swift in Sources */ = {isa = PBXBuildFile; fileRef = 8317DD551F58DD8E00EEEF71 /* SignInToEmailViewController.swift */; };
		8317DD581F58DD9D00EEEF71 /* NewAccountViewController.swift in Sources */ = {isa = PBXBuildFile; fileRef = 8317DD571F58DD9D00EEEF71 /* NewAccountViewController.swift */; };
		8317DD5A1F58DDB100EEEF71 /* ValidationEmailViewController.swift in Sources */ = {isa = PBXBuildFile; fileRef = 8317DD591F58DDB100EEEF71 /* ValidationEmailViewController.swift */; };
		8317DD5C1F5E31A500EEEF71 /* AddPersonIcon.png in Resources */ = {isa = PBXBuildFile; fileRef = 8317DD5B1F5E31A500EEEF71 /* AddPersonIcon.png */; };
		8317DD5E1F5E419600EEEF71 /* XICon.png in Resources */ = {isa = PBXBuildFile; fileRef = 8317DD5D1F5E419600EEEF71 /* XICon.png */; };
		8317DD601F5E419C00EEEF71 /* PlusIcon.png in Resources */ = {isa = PBXBuildFile; fileRef = 8317DD5F1F5E419C00EEEF71 /* PlusIcon.png */; };
		832411861F19B009008EC8B8 /* AppDelegate.swift in Sources */ = {isa = PBXBuildFile; fileRef = 832411851F19B009008EC8B8 /* AppDelegate.swift */; };
		8324118D1F19B009008EC8B8 /* Assets.xcassets in Resources */ = {isa = PBXBuildFile; fileRef = 8324118C1F19B009008EC8B8 /* Assets.xcassets */; };
		832411981F1AE1F7008EC8B8 /* Extensions.swift in Sources */ = {isa = PBXBuildFile; fileRef = 832411971F1AE1F7008EC8B8 /* Extensions.swift */; };
		832411A41F1AE29D008EC8B8 /* LaunchScreen.storyboard in Resources */ = {isa = PBXBuildFile; fileRef = 832411A21F1AE29D008EC8B8 /* LaunchScreen.storyboard */; };
		832411A51F1AE29D008EC8B8 /* Main.storyboard in Resources */ = {isa = PBXBuildFile; fileRef = 832411A31F1AE29D008EC8B8 /* Main.storyboard */; };
		832411A71F1AE2DC008EC8B8 /* Info.plist in Resources */ = {isa = PBXBuildFile; fileRef = 832411A61F1AE2DC008EC8B8 /* Info.plist */; };
		832411AB1F1AEEAE008EC8B8 /* Login.storyboard in Resources */ = {isa = PBXBuildFile; fileRef = 832411AA1F1AEEAE008EC8B8 /* Login.storyboard */; };
		833B7EA41F20FD5700D1AD2B /* MyTopTensViewController.swift in Sources */ = {isa = PBXBuildFile; fileRef = 833B7EA31F20FD5700D1AD2B /* MyTopTensViewController.swift */; };
		833B7EA61F21421600D1AD2B /* TopTenPost.swift in Sources */ = {isa = PBXBuildFile; fileRef = 833B7EA51F21421600D1AD2B /* TopTenPost.swift */; };
		833B7EA81F21422500D1AD2B /* ListItem.swift in Sources */ = {isa = PBXBuildFile; fileRef = 833B7EA71F21422500D1AD2B /* ListItem.swift */; };
		833B7EAA1F2143FF00D1AD2B /* MyTopTensTableViewCell.swift in Sources */ = {isa = PBXBuildFile; fileRef = 833B7EA91F2143FF00D1AD2B /* MyTopTensTableViewCell.swift */; };
		8392E8571F23E6B8003486F8 /* TopTenPostService.swift in Sources */ = {isa = PBXBuildFile; fileRef = 8392E8561F23E6B8003486F8 /* TopTenPostService.swift */; };
		8392E8591F240433003486F8 /* TopTenMetadata.swift in Sources */ = {isa = PBXBuildFile; fileRef = 8392E8581F240433003486F8 /* TopTenMetadata.swift */; };
		8392E85B1F264741003486F8 /* DisplayTopTenViewController.swift in Sources */ = {isa = PBXBuildFile; fileRef = 8392E85A1F264741003486F8 /* DisplayTopTenViewController.swift */; };
		8392E8991F2A36E0003486F8 /* ListItemTableViewCell.swift in Sources */ = {isa = PBXBuildFile; fileRef = 8392E8981F2A36E0003486F8 /* ListItemTableViewCell.swift */; };
		8392E89B1F2A3EA0003486F8 /* EditListItemFooterTableViewCell.swift in Sources */ = {isa = PBXBuildFile; fileRef = 8392E89A1F2A3EA0003486F8 /* EditListItemFooterTableViewCell.swift */; };
		839E08B21F340A6000F914EC /* icons8-Friends-100.png in Resources */ = {isa = PBXBuildFile; fileRef = 839E08AF1F340A6000F914EC /* icons8-Friends-100.png */; };
		839E08D41F38B55800F914EC /* ProfileViewController.swift in Sources */ = {isa = PBXBuildFile; fileRef = 839E08D31F38B55800F914EC /* ProfileViewController.swift */; };
		839E08D61F38BC6F00F914EC /* FindFriendsViewController.swift in Sources */ = {isa = PBXBuildFile; fileRef = 839E08D51F38BC6F00F914EC /* FindFriendsViewController.swift */; };
		839E08D91F3A0B8400F914EC /* FriendTableViewCell.swift in Sources */ = {isa = PBXBuildFile; fileRef = 839E08D81F3A0B8400F914EC /* FriendTableViewCell.swift */; };
		839E08DB1F3A0B9300F914EC /* PendingFriendTableViewCell.swift in Sources */ = {isa = PBXBuildFile; fileRef = 839E08DA1F3A0B9300F914EC /* PendingFriendTableViewCell.swift */; };
		839E08DD1F3A0B9F00F914EC /* StrangerTableViewCell.swift in Sources */ = {isa = PBXBuildFile; fileRef = 839E08DC1F3A0B9F00F914EC /* StrangerTableViewCell.swift */; };
		839E08E01F3ACB5400F914EC /* Protocols.swift in Sources */ = {isa = PBXBuildFile; fileRef = 839E08DF1F3ACB5400F914EC /* Protocols.swift */; };
		839E08E21F3B665A00F914EC /* FriendService.swift in Sources */ = {isa = PBXBuildFile; fileRef = 839E08E11F3B665A00F914EC /* FriendService.swift */; };
		83C1E0DC1F438F1B00F098F3 /* ListItemDetailViewController.swift in Sources */ = {isa = PBXBuildFile; fileRef = 83C1E0DB1F438F1B00F098F3 /* ListItemDetailViewController.swift */; };
		83C1E0DE1F43B06000F098F3 /* SeeFriendsTopTensViewController.swift in Sources */ = {isa = PBXBuildFile; fileRef = 83C1E0DD1F43B06000F098F3 /* SeeFriendsTopTensViewController.swift */; };
		83C1E0E01F43B07B00F098F3 /* AddFriendsToTopTenTableViewController.swift in Sources */ = {isa = PBXBuildFile; fileRef = 83C1E0DF1F43B07B00F098F3 /* AddFriendsToTopTenTableViewController.swift */; };
		83C1E0E21F43B0BE00F098F3 /* SeeFriendsTopTenTableViewController.swift in Sources */ = {isa = PBXBuildFile; fileRef = 83C1E0E11F43B0BE00F098F3 /* SeeFriendsTopTenTableViewController.swift */; };
		83C1E0E41F465AB300F098F3 /* icons8-Checkmark-100.png in Resources */ = {isa = PBXBuildFile; fileRef = 83C1E0E31F465AB300F098F3 /* icons8-Checkmark-100.png */; };
		83F008641F1C71D2004CA0E6 /* LoginViewController.swift in Sources */ = {isa = PBXBuildFile; fileRef = 83F008631F1C71D2004CA0E6 /* LoginViewController.swift */; };
		83F008661F1D6FCB004CA0E6 /* GoogleService-Info.plist in Resources */ = {isa = PBXBuildFile; fileRef = 83F008651F1D6FCB004CA0E6 /* GoogleService-Info.plist */; };
		83F008681F1D9C8B004CA0E6 /* User.swift in Sources */ = {isa = PBXBuildFile; fileRef = 83F008671F1D9C8B004CA0E6 /* User.swift */; };
		83F0086A1F1E5765004CA0E6 /* UsernameViewController.swift in Sources */ = {isa = PBXBuildFile; fileRef = 83F008691F1E5765004CA0E6 /* UsernameViewController.swift */; };
		83F0086C1F1E5DBD004CA0E6 /* Enums.swift in Sources */ = {isa = PBXBuildFile; fileRef = 83F0086B1F1E5DBD004CA0E6 /* Enums.swift */; };
		83F0086E1F1E913D004CA0E6 /* UserService.swift in Sources */ = {isa = PBXBuildFile; fileRef = 83F0086D1F1E913D004CA0E6 /* UserService.swift */; };
/* End PBXBuildFile section */

/* Begin PBXFileReference section */
		5A9B4FA1D0348BA09B83D43D /* Pods-TopTens.release.xcconfig */ = {isa = PBXFileReference; includeInIndex = 1; lastKnownFileType = text.xcconfig; name = "Pods-TopTens.release.xcconfig"; path = "Pods/Target Support Files/Pods-TopTens/Pods-TopTens.release.xcconfig"; sourceTree = "<group>"; };
		5AB51DE09595AE7A6A2E16C9 /* Pods-TopTens.debug.xcconfig */ = {isa = PBXFileReference; includeInIndex = 1; lastKnownFileType = text.xcconfig; name = "Pods-TopTens.debug.xcconfig"; path = "Pods/Target Support Files/Pods-TopTens/Pods-TopTens.debug.xcconfig"; sourceTree = "<group>"; };
		8317DD551F58DD8E00EEEF71 /* SignInToEmailViewController.swift */ = {isa = PBXFileReference; fileEncoding = 4; lastKnownFileType = sourcecode.swift; name = SignInToEmailViewController.swift; path = Controllers/SignInToEmailViewController.swift; sourceTree = "<group>"; };
		8317DD571F58DD9D00EEEF71 /* NewAccountViewController.swift */ = {isa = PBXFileReference; fileEncoding = 4; lastKnownFileType = sourcecode.swift; name = NewAccountViewController.swift; path = Controllers/NewAccountViewController.swift; sourceTree = "<group>"; };
		8317DD591F58DDB100EEEF71 /* ValidationEmailViewController.swift */ = {isa = PBXFileReference; fileEncoding = 4; lastKnownFileType = sourcecode.swift; name = ValidationEmailViewController.swift; path = Controllers/ValidationEmailViewController.swift; sourceTree = "<group>"; };
		8317DD5B1F5E31A500EEEF71 /* AddPersonIcon.png */ = {isa = PBXFileReference; lastKnownFileType = image.png; path = AddPersonIcon.png; sourceTree = "<group>"; };
		8317DD5D1F5E419600EEEF71 /* XICon.png */ = {isa = PBXFileReference; lastKnownFileType = image.png; path = XICon.png; sourceTree = "<group>"; };
		8317DD5F1F5E419C00EEEF71 /* PlusIcon.png */ = {isa = PBXFileReference; lastKnownFileType = image.png; path = PlusIcon.png; sourceTree = "<group>"; };
		832411821F19B009008EC8B8 /* TopTens.app */ = {isa = PBXFileReference; explicitFileType = wrapper.application; includeInIndex = 0; path = TopTens.app; sourceTree = BUILT_PRODUCTS_DIR; };
		832411851F19B009008EC8B8 /* AppDelegate.swift */ = {isa = PBXFileReference; lastKnownFileType = sourcecode.swift; path = AppDelegate.swift; sourceTree = "<group>"; };
		8324118C1F19B009008EC8B8 /* Assets.xcassets */ = {isa = PBXFileReference; lastKnownFileType = folder.assetcatalog; path = Assets.xcassets; sourceTree = "<group>"; };
		832411971F1AE1F7008EC8B8 /* Extensions.swift */ = {isa = PBXFileReference; fileEncoding = 4; lastKnownFileType = sourcecode.swift; name = Extensions.swift; path = "Helpers+Extensions/Extensions.swift"; sourceTree = "<group>"; };
		832411A21F1AE29D008EC8B8 /* LaunchScreen.storyboard */ = {isa = PBXFileReference; fileEncoding = 4; lastKnownFileType = file.storyboard; name = LaunchScreen.storyboard; path = Storyboards/LaunchScreen.storyboard; sourceTree = "<group>"; };
		832411A31F1AE29D008EC8B8 /* Main.storyboard */ = {isa = PBXFileReference; fileEncoding = 4; lastKnownFileType = file.storyboard; name = Main.storyboard; path = Storyboards/Main.storyboard; sourceTree = "<group>"; };
		832411A61F1AE2DC008EC8B8 /* Info.plist */ = {isa = PBXFileReference; fileEncoding = 4; lastKnownFileType = text.plist.xml; name = Info.plist; path = Supporting/Info.plist; sourceTree = "<group>"; };
		832411AA1F1AEEAE008EC8B8 /* Login.storyboard */ = {isa = PBXFileReference; fileEncoding = 4; lastKnownFileType = file.storyboard; path = Login.storyboard; sourceTree = "<group>"; };
		833B7EA31F20FD5700D1AD2B /* MyTopTensViewController.swift */ = {isa = PBXFileReference; fileEncoding = 4; lastKnownFileType = sourcecode.swift; name = MyTopTensViewController.swift; path = Controllers/MyTopTensViewController.swift; sourceTree = "<group>"; };
		833B7EA51F21421600D1AD2B /* TopTenPost.swift */ = {isa = PBXFileReference; fileEncoding = 4; lastKnownFileType = sourcecode.swift; name = TopTenPost.swift; path = Model/TopTenPost.swift; sourceTree = "<group>"; };
		833B7EA71F21422500D1AD2B /* ListItem.swift */ = {isa = PBXFileReference; fileEncoding = 4; lastKnownFileType = sourcecode.swift; name = ListItem.swift; path = Model/ListItem.swift; sourceTree = "<group>"; };
		833B7EA91F2143FF00D1AD2B /* MyTopTensTableViewCell.swift */ = {isa = PBXFileReference; fileEncoding = 4; lastKnownFileType = sourcecode.swift; name = MyTopTensTableViewCell.swift; path = Views/MyTopTensTableViewCell.swift; sourceTree = "<group>"; };
		8392E8561F23E6B8003486F8 /* TopTenPostService.swift */ = {isa = PBXFileReference; fileEncoding = 4; lastKnownFileType = sourcecode.swift; name = TopTenPostService.swift; path = Services/TopTenPostService.swift; sourceTree = "<group>"; };
		8392E8581F240433003486F8 /* TopTenMetadata.swift */ = {isa = PBXFileReference; fileEncoding = 4; lastKnownFileType = sourcecode.swift; name = TopTenMetadata.swift; path = Model/TopTenMetadata.swift; sourceTree = "<group>"; };
		8392E85A1F264741003486F8 /* DisplayTopTenViewController.swift */ = {isa = PBXFileReference; fileEncoding = 4; lastKnownFileType = sourcecode.swift; name = DisplayTopTenViewController.swift; path = Controllers/DisplayTopTenViewController.swift; sourceTree = "<group>"; };
		8392E8981F2A36E0003486F8 /* ListItemTableViewCell.swift */ = {isa = PBXFileReference; fileEncoding = 4; lastKnownFileType = sourcecode.swift; name = ListItemTableViewCell.swift; path = Views/ListItemTableViewCell.swift; sourceTree = "<group>"; };
		8392E89A1F2A3EA0003486F8 /* EditListItemFooterTableViewCell.swift */ = {isa = PBXFileReference; fileEncoding = 4; lastKnownFileType = sourcecode.swift; name = EditListItemFooterTableViewCell.swift; path = Views/EditListItemFooterTableViewCell.swift; sourceTree = "<group>"; };
		839E08AF1F340A6000F914EC /* icons8-Friends-100.png */ = {isa = PBXFileReference; lastKnownFileType = image.png; path = "icons8-Friends-100.png"; sourceTree = "<group>"; };
		839E08D31F38B55800F914EC /* ProfileViewController.swift */ = {isa = PBXFileReference; fileEncoding = 4; lastKnownFileType = sourcecode.swift; name = ProfileViewController.swift; path = Controllers/ProfileViewController.swift; sourceTree = "<group>"; };
		839E08D51F38BC6F00F914EC /* FindFriendsViewController.swift */ = {isa = PBXFileReference; fileEncoding = 4; lastKnownFileType = sourcecode.swift; name = FindFriendsViewController.swift; path = Controllers/FindFriendsViewController.swift; sourceTree = "<group>"; };
		839E08D81F3A0B8400F914EC /* FriendTableViewCell.swift */ = {isa = PBXFileReference; fileEncoding = 4; lastKnownFileType = sourcecode.swift; name = FriendTableViewCell.swift; path = Views/FriendTableViewCell.swift; sourceTree = "<group>"; };
		839E08DA1F3A0B9300F914EC /* PendingFriendTableViewCell.swift */ = {isa = PBXFileReference; fileEncoding = 4; lastKnownFileType = sourcecode.swift; path = PendingFriendTableViewCell.swift; sourceTree = "<group>"; };
		839E08DC1F3A0B9F00F914EC /* StrangerTableViewCell.swift */ = {isa = PBXFileReference; fileEncoding = 4; lastKnownFileType = sourcecode.swift; path = StrangerTableViewCell.swift; sourceTree = "<group>"; };
		839E08DF1F3ACB5400F914EC /* Protocols.swift */ = {isa = PBXFileReference; fileEncoding = 4; lastKnownFileType = sourcecode.swift; path = Protocols.swift; sourceTree = "<group>"; };
		839E08E11F3B665A00F914EC /* FriendService.swift */ = {isa = PBXFileReference; fileEncoding = 4; lastKnownFileType = sourcecode.swift; path = FriendService.swift; sourceTree = "<group>"; };
		83C1E0DB1F438F1B00F098F3 /* ListItemDetailViewController.swift */ = {isa = PBXFileReference; fileEncoding = 4; lastKnownFileType = sourcecode.swift; path = ListItemDetailViewController.swift; sourceTree = "<group>"; };
		83C1E0DD1F43B06000F098F3 /* SeeFriendsTopTensViewController.swift */ = {isa = PBXFileReference; fileEncoding = 4; lastKnownFileType = sourcecode.swift; name = SeeFriendsTopTensViewController.swift; path = Controllers/SeeFriendsTopTensViewController.swift; sourceTree = "<group>"; };
		83C1E0DF1F43B07B00F098F3 /* AddFriendsToTopTenTableViewController.swift */ = {isa = PBXFileReference; fileEncoding = 4; lastKnownFileType = sourcecode.swift; path = AddFriendsToTopTenTableViewController.swift; sourceTree = "<group>"; };
		83C1E0E11F43B0BE00F098F3 /* SeeFriendsTopTenTableViewController.swift */ = {isa = PBXFileReference; fileEncoding = 4; lastKnownFileType = sourcecode.swift; name = SeeFriendsTopTenTableViewController.swift; path = Controllers/SeeFriendsTopTenTableViewController.swift; sourceTree = "<group>"; };
		83C1E0E31F465AB300F098F3 /* icons8-Checkmark-100.png */ = {isa = PBXFileReference; lastKnownFileType = image.png; path = "icons8-Checkmark-100.png"; sourceTree = "<group>"; };
		83F008631F1C71D2004CA0E6 /* LoginViewController.swift */ = {isa = PBXFileReference; fileEncoding = 4; lastKnownFileType = sourcecode.swift; name = LoginViewController.swift; path = Controllers/LoginViewController.swift; sourceTree = "<group>"; };
		83F008651F1D6FCB004CA0E6 /* GoogleService-Info.plist */ = {isa = PBXFileReference; fileEncoding = 4; lastKnownFileType = text.plist.xml; path = "GoogleService-Info.plist"; sourceTree = "<group>"; };
		83F008671F1D9C8B004CA0E6 /* User.swift */ = {isa = PBXFileReference; fileEncoding = 4; lastKnownFileType = sourcecode.swift; name = User.swift; path = Model/User.swift; sourceTree = "<group>"; };
		83F008691F1E5765004CA0E6 /* UsernameViewController.swift */ = {isa = PBXFileReference; fileEncoding = 4; lastKnownFileType = sourcecode.swift; name = UsernameViewController.swift; path = Controllers/UsernameViewController.swift; sourceTree = "<group>"; };
		83F0086B1F1E5DBD004CA0E6 /* Enums.swift */ = {isa = PBXFileReference; fileEncoding = 4; lastKnownFileType = sourcecode.swift; path = Enums.swift; sourceTree = "<group>"; };
		83F0086D1F1E913D004CA0E6 /* UserService.swift */ = {isa = PBXFileReference; fileEncoding = 4; lastKnownFileType = sourcecode.swift; name = UserService.swift; path = Services/UserService.swift; sourceTree = "<group>"; };
		E4EC1E8B995FBFA6A8EDDAA9 /* Pods_TopTens.framework */ = {isa = PBXFileReference; explicitFileType = wrapper.framework; includeInIndex = 0; path = Pods_TopTens.framework; sourceTree = BUILT_PRODUCTS_DIR; };
/* End PBXFileReference section */

/* Begin PBXFrameworksBuildPhase section */
		8324117F1F19B009008EC8B8 /* Frameworks */ = {
			isa = PBXFrameworksBuildPhase;
			buildActionMask = 2147483647;
			files = (
				1CAC7F451350DAE00A2615D3 /* Pods_TopTens.framework in Frameworks */,
			);
			runOnlyForDeploymentPostprocessing = 0;
		};
/* End PBXFrameworksBuildPhase section */

/* Begin PBXGroup section */
		76381614CF3734712BE97090 /* Pods */ = {
			isa = PBXGroup;
			children = (
				5AB51DE09595AE7A6A2E16C9 /* Pods-TopTens.debug.xcconfig */,
				5A9B4FA1D0348BA09B83D43D /* Pods-TopTens.release.xcconfig */,
			);
			name = Pods;
			sourceTree = "<group>";
		};
		832411791F19B009008EC8B8 = {
			isa = PBXGroup;
			children = (
				832411841F19B009008EC8B8 /* TopTens */,
				832411831F19B009008EC8B8 /* Products */,
				76381614CF3734712BE97090 /* Pods */,
				E70C01C0310EB23680450C56 /* Frameworks */,
			);
			sourceTree = "<group>";
		};
		832411831F19B009008EC8B8 /* Products */ = {
			isa = PBXGroup;
			children = (
				832411821F19B009008EC8B8 /* TopTens.app */,
			);
			name = Products;
			sourceTree = "<group>";
		};
		832411841F19B009008EC8B8 /* TopTens */ = {
			isa = PBXGroup;
			children = (
				832411851F19B009008EC8B8 /* AppDelegate.swift */,
				832411991F1AE215008EC8B8 /* Controllers */,
				8324119E1F1AE249008EC8B8 /* Helpers+Extensions */,
				8324119F1F1AE251008EC8B8 /* Models */,
				8324119D1F1AE23A008EC8B8 /* Services */,
				8324119C1F1AE232008EC8B8 /* Storyboards */,
				8324119B1F1AE22B008EC8B8 /* Supporting */,
				8324119A1F1AE221008EC8B8 /* Views */,
				8324118C1F19B009008EC8B8 /* Assets.xcassets */,
			);
			path = TopTens;
			sourceTree = "<group>";
		};
		832411991F1AE215008EC8B8 /* Controllers */ = {
			isa = PBXGroup;
			children = (
				839E08D11F38B52700F914EC /* Login */,
				839E08D21F38B53600F914EC /* Top 10 */,
				839E08E31F3EB53200F914EC /* Friends and Account */,
			);
			name = Controllers;
			sourceTree = "<group>";
		};
		8324119A1F1AE221008EC8B8 /* Views */ = {
			isa = PBXGroup;
			children = (
				839E08D71F3A0B6300F914EC /* TopTenCells */,
				839E08DE1F3A0BA500F914EC /* Friends */,
			);
			name = Views;
			sourceTree = "<group>";
		};
		8324119B1F1AE22B008EC8B8 /* Supporting */ = {
			isa = PBXGroup;
			children = (
				832411A61F1AE2DC008EC8B8 /* Info.plist */,
				83F008651F1D6FCB004CA0E6 /* GoogleService-Info.plist */,
				83C1E0E31F465AB300F098F3 /* icons8-Checkmark-100.png */,
				8317DD5B1F5E31A500EEEF71 /* AddPersonIcon.png */,
				8317DD5D1F5E419600EEEF71 /* XICon.png */,
				8317DD5F1F5E419C00EEEF71 /* PlusIcon.png */,
				839E08AF1F340A6000F914EC /* icons8-Friends-100.png */,
			);
			name = Supporting;
			sourceTree = "<group>";
		};
		8324119C1F1AE232008EC8B8 /* Storyboards */ = {
			isa = PBXGroup;
			children = (
				832411A31F1AE29D008EC8B8 /* Main.storyboard */,
				832411AA1F1AEEAE008EC8B8 /* Login.storyboard */,
				832411A21F1AE29D008EC8B8 /* LaunchScreen.storyboard */,
			);
			name = Storyboards;
			sourceTree = "<group>";
		};
		8324119D1F1AE23A008EC8B8 /* Services */ = {
			isa = PBXGroup;
			children = (
				83F0086D1F1E913D004CA0E6 /* UserService.swift */,
				839E08E11F3B665A00F914EC /* FriendService.swift */,
				8392E8561F23E6B8003486F8 /* TopTenPostService.swift */,
			);
			name = Services;
			sourceTree = "<group>";
		};
		8324119E1F1AE249008EC8B8 /* Helpers+Extensions */ = {
			isa = PBXGroup;
			children = (
				832411971F1AE1F7008EC8B8 /* Extensions.swift */,
				83F0086B1F1E5DBD004CA0E6 /* Enums.swift */,
				839E08DF1F3ACB5400F914EC /* Protocols.swift */,
			);
			name = "Helpers+Extensions";
			sourceTree = "<group>";
		};
		8324119F1F1AE251008EC8B8 /* Models */ = {
			isa = PBXGroup;
			children = (
				83F008671F1D9C8B004CA0E6 /* User.swift */,
				833B7EA51F21421600D1AD2B /* TopTenPost.swift */,
				8392E8581F240433003486F8 /* TopTenMetadata.swift */,
				833B7EA71F21422500D1AD2B /* ListItem.swift */,
			);
			name = Models;
			sourceTree = "<group>";
		};
		839E08D11F38B52700F914EC /* Login */ = {
			isa = PBXGroup;
			children = (
				83F008631F1C71D2004CA0E6 /* LoginViewController.swift */,
				8317DD551F58DD8E00EEEF71 /* SignInToEmailViewController.swift */,
				8317DD571F58DD9D00EEEF71 /* NewAccountViewController.swift */,
				8317DD591F58DDB100EEEF71 /* ValidationEmailViewController.swift */,
				83F008691F1E5765004CA0E6 /* UsernameViewController.swift */,
			);
			name = Login;
			sourceTree = "<group>";
		};
		839E08D21F38B53600F914EC /* Top 10 */ = {
			isa = PBXGroup;
			children = (
				833B7EA31F20FD5700D1AD2B /* MyTopTensViewController.swift */,
				8392E85A1F264741003486F8 /* DisplayTopTenViewController.swift */,
				83C1E0DB1F438F1B00F098F3 /* ListItemDetailViewController.swift */,
				83C1E0DF1F43B07B00F098F3 /* AddFriendsToTopTenTableViewController.swift */,
				83C1E0DD1F43B06000F098F3 /* SeeFriendsTopTensViewController.swift */,
				83C1E0E11F43B0BE00F098F3 /* SeeFriendsTopTenTableViewController.swift */,
			);
			name = "Top 10";
			sourceTree = "<group>";
		};
		839E08D71F3A0B6300F914EC /* TopTenCells */ = {
			isa = PBXGroup;
			children = (
				833B7EA91F2143FF00D1AD2B /* MyTopTensTableViewCell.swift */,
				8392E8981F2A36E0003486F8 /* ListItemTableViewCell.swift */,
				8392E89A1F2A3EA0003486F8 /* EditListItemFooterTableViewCell.swift */,
			);
			name = TopTenCells;
			sourceTree = "<group>";
		};
		839E08DE1F3A0BA500F914EC /* Friends */ = {
			isa = PBXGroup;
			children = (
				839E08D81F3A0B8400F914EC /* FriendTableViewCell.swift */,
				839E08DA1F3A0B9300F914EC /* PendingFriendTableViewCell.swift */,
				839E08DC1F3A0B9F00F914EC /* StrangerTableViewCell.swift */,
			);
			name = Friends;
			sourceTree = "<group>";
		};
		839E08E31F3EB53200F914EC /* Friends and Account */ = {
			isa = PBXGroup;
			children = (
				839E08D31F38B55800F914EC /* ProfileViewController.swift */,
				839E08D51F38BC6F00F914EC /* FindFriendsViewController.swift */,
			);
			name = "Friends and Account";
			sourceTree = "<group>";
		};
		E70C01C0310EB23680450C56 /* Frameworks */ = {
			isa = PBXGroup;
			children = (
				E4EC1E8B995FBFA6A8EDDAA9 /* Pods_TopTens.framework */,
			);
			name = Frameworks;
			sourceTree = "<group>";
		};
/* End PBXGroup section */

/* Begin PBXNativeTarget section */
		832411811F19B009008EC8B8 /* TopTens */ = {
			isa = PBXNativeTarget;
			buildConfigurationList = 832411941F19B009008EC8B8 /* Build configuration list for PBXNativeTarget "TopTens" */;
			buildPhases = (
				2F40F05945AA71C25B4AC1DD /* [CP] Check Pods Manifest.lock */,
				8324117E1F19B009008EC8B8 /* Sources */,
				8324117F1F19B009008EC8B8 /* Frameworks */,
				832411801F19B009008EC8B8 /* Resources */,
				0D9F5FC182DA3856148E97D7 /* [CP] Embed Pods Frameworks */,
				6F5E1BFD191256D8AF37AD8A /* [CP] Copy Pods Resources */,
			);
			buildRules = (
			);
			dependencies = (
			);
			name = TopTens;
			productName = TopTens;
			productReference = 832411821F19B009008EC8B8 /* TopTens.app */;
			productType = "com.apple.product-type.application";
		};
/* End PBXNativeTarget section */

/* Begin PBXProject section */
		8324117A1F19B009008EC8B8 /* Project object */ = {
			isa = PBXProject;
			attributes = {
				LastSwiftUpdateCheck = 0830;
				LastUpgradeCheck = 0830;
				ORGANIZATIONNAME = "Kyle Somers";
				TargetAttributes = {
					832411811F19B009008EC8B8 = {
						CreatedOnToolsVersion = 8.3.3;
						DevelopmentTeam = Z9UKN24YH9;
						ProvisioningStyle = Automatic;
					};
				};
			};
			buildConfigurationList = 8324117D1F19B009008EC8B8 /* Build configuration list for PBXProject "TopTens" */;
			compatibilityVersion = "Xcode 3.2";
			developmentRegion = English;
			hasScannedForEncodings = 0;
			knownRegions = (
				en,
				Base,
			);
			mainGroup = 832411791F19B009008EC8B8;
			productRefGroup = 832411831F19B009008EC8B8 /* Products */;
			projectDirPath = "";
			projectRoot = "";
			targets = (
				832411811F19B009008EC8B8 /* TopTens */,
			);
		};
/* End PBXProject section */

/* Begin PBXResourcesBuildPhase section */
		832411801F19B009008EC8B8 /* Resources */ = {
			isa = PBXResourcesBuildPhase;
			buildActionMask = 2147483647;
			files = (
				832411A71F1AE2DC008EC8B8 /* Info.plist in Resources */,
				8317DD5E1F5E419600EEEF71 /* XICon.png in Resources */,
				832411A51F1AE29D008EC8B8 /* Main.storyboard in Resources */,
				8317DD5C1F5E31A500EEEF71 /* AddPersonIcon.png in Resources */,
				832411AB1F1AEEAE008EC8B8 /* Login.storyboard in Resources */,
				83C1E0E41F465AB300F098F3 /* icons8-Checkmark-100.png in Resources */,
				839E08B21F340A6000F914EC /* icons8-Friends-100.png in Resources */,
				8317DD601F5E419C00EEEF71 /* PlusIcon.png in Resources */,
				8324118D1F19B009008EC8B8 /* Assets.xcassets in Resources */,
				832411A41F1AE29D008EC8B8 /* LaunchScreen.storyboard in Resources */,
				83F008661F1D6FCB004CA0E6 /* GoogleService-Info.plist in Resources */,
			);
			runOnlyForDeploymentPostprocessing = 0;
		};
/* End PBXResourcesBuildPhase section */

/* Begin PBXShellScriptBuildPhase section */
		0D9F5FC182DA3856148E97D7 /* [CP] Embed Pods Frameworks */ = {
			isa = PBXShellScriptBuildPhase;
			buildActionMask = 2147483647;
			files = (
			);
			inputPaths = (
			);
			name = "[CP] Embed Pods Frameworks";
			outputPaths = (
			);
			runOnlyForDeploymentPostprocessing = 0;
			shellPath = /bin/sh;
			shellScript = "\"${SRCROOT}/Pods/Target Support Files/Pods-TopTens/Pods-TopTens-frameworks.sh\"\n";
			showEnvVarsInLog = 0;
		};
		2F40F05945AA71C25B4AC1DD /* [CP] Check Pods Manifest.lock */ = {
			isa = PBXShellScriptBuildPhase;
			buildActionMask = 2147483647;
			files = (
			);
			inputPaths = (
			);
			name = "[CP] Check Pods Manifest.lock";
			outputPaths = (
			);
			runOnlyForDeploymentPostprocessing = 0;
			shellPath = /bin/sh;
			shellScript = "diff \"${PODS_PODFILE_DIR_PATH}/Podfile.lock\" \"${PODS_ROOT}/Manifest.lock\" > /dev/null\nif [ $? != 0 ] ; then\n    # print error to STDERR\n    echo \"error: The sandbox is not in sync with the Podfile.lock. Run 'pod install' or update your CocoaPods installation.\" >&2\n    exit 1\nfi\n";
			showEnvVarsInLog = 0;
		};
		6F5E1BFD191256D8AF37AD8A /* [CP] Copy Pods Resources */ = {
			isa = PBXShellScriptBuildPhase;
			buildActionMask = 2147483647;
			files = (
			);
			inputPaths = (
			);
			name = "[CP] Copy Pods Resources";
			outputPaths = (
			);
			runOnlyForDeploymentPostprocessing = 0;
			shellPath = /bin/sh;
			shellScript = "\"${SRCROOT}/Pods/Target Support Files/Pods-TopTens/Pods-TopTens-resources.sh\"\n";
			showEnvVarsInLog = 0;
		};
/* End PBXShellScriptBuildPhase section */

/* Begin PBXSourcesBuildPhase section */
		8324117E1F19B009008EC8B8 /* Sources */ = {
			isa = PBXSourcesBuildPhase;
			buildActionMask = 2147483647;
			files = (
				833B7EA81F21422500D1AD2B /* ListItem.swift in Sources */,
				839E08E01F3ACB5400F914EC /* Protocols.swift in Sources */,
				83C1E0DC1F438F1B00F098F3 /* ListItemDetailViewController.swift in Sources */,
				8317DD581F58DD9D00EEEF71 /* NewAccountViewController.swift in Sources */,
				8392E8991F2A36E0003486F8 /* ListItemTableViewCell.swift in Sources */,
				8392E85B1F264741003486F8 /* DisplayTopTenViewController.swift in Sources */,
				8392E89B1F2A3EA0003486F8 /* EditListItemFooterTableViewCell.swift in Sources */,
				83F008641F1C71D2004CA0E6 /* LoginViewController.swift in Sources */,
				839E08DD1F3A0B9F00F914EC /* StrangerTableViewCell.swift in Sources */,
				83C1E0E01F43B07B00F098F3 /* AddFriendsToTopTenTableViewController.swift in Sources */,
				832411981F1AE1F7008EC8B8 /* Extensions.swift in Sources */,
				8317DD561F58DD8E00EEEF71 /* SignInToEmailViewController.swift in Sources */,
				839E08D41F38B55800F914EC /* ProfileViewController.swift in Sources */,
				83C1E0E21F43B0BE00F098F3 /* SeeFriendsTopTenTableViewController.swift in Sources */,
				839E08D91F3A0B8400F914EC /* FriendTableViewCell.swift in Sources */,
				839E08DB1F3A0B9300F914EC /* PendingFriendTableViewCell.swift in Sources */,
				833B7EA41F20FD5700D1AD2B /* MyTopTensViewController.swift in Sources */,
				83F008681F1D9C8B004CA0E6 /* User.swift in Sources */,
				839E08D61F38BC6F00F914EC /* FindFriendsViewController.swift in Sources */,
				833B7EAA1F2143FF00D1AD2B /* MyTopTensTableViewCell.swift in Sources */,
				8392E8591F240433003486F8 /* TopTenMetadata.swift in Sources */,
				833B7EA61F21421600D1AD2B /* TopTenPost.swift in Sources */,
				83F0086E1F1E913D004CA0E6 /* UserService.swift in Sources */,
				83F0086C1F1E5DBD004CA0E6 /* Enums.swift in Sources */,
				83F0086A1F1E5765004CA0E6 /* UsernameViewController.swift in Sources */,
				83C1E0DE1F43B06000F098F3 /* SeeFriendsTopTensViewController.swift in Sources */,
				8317DD5A1F58DDB100EEEF71 /* ValidationEmailViewController.swift in Sources */,
				832411861F19B009008EC8B8 /* AppDelegate.swift in Sources */,
				8392E8571F23E6B8003486F8 /* TopTenPostService.swift in Sources */,
				839E08E21F3B665A00F914EC /* FriendService.swift in Sources */,
			);
			runOnlyForDeploymentPostprocessing = 0;
		};
/* End PBXSourcesBuildPhase section */

/* Begin XCBuildConfiguration section */
		832411921F19B009008EC8B8 /* Debug */ = {
			isa = XCBuildConfiguration;
			buildSettings = {
				ALWAYS_SEARCH_USER_PATHS = NO;
				CLANG_ANALYZER_NONNULL = YES;
				CLANG_ANALYZER_NUMBER_OBJECT_CONVERSION = YES_AGGRESSIVE;
				CLANG_CXX_LANGUAGE_STANDARD = "gnu++0x";
				CLANG_CXX_LIBRARY = "libc++";
				CLANG_ENABLE_MODULES = YES;
				CLANG_ENABLE_OBJC_ARC = YES;
				CLANG_WARN_BOOL_CONVERSION = YES;
				CLANG_WARN_CONSTANT_CONVERSION = YES;
				CLANG_WARN_DIRECT_OBJC_ISA_USAGE = YES_ERROR;
				CLANG_WARN_DOCUMENTATION_COMMENTS = YES;
				CLANG_WARN_EMPTY_BODY = YES;
				CLANG_WARN_ENUM_CONVERSION = YES;
				CLANG_WARN_INFINITE_RECURSION = YES;
				CLANG_WARN_INT_CONVERSION = YES;
				CLANG_WARN_OBJC_ROOT_CLASS = YES_ERROR;
				CLANG_WARN_SUSPICIOUS_MOVE = YES;
				CLANG_WARN_UNREACHABLE_CODE = YES;
				CLANG_WARN__DUPLICATE_METHOD_MATCH = YES;
				"CODE_SIGN_IDENTITY[sdk=iphoneos*]" = "iPhone Developer";
				COPY_PHASE_STRIP = NO;
				DEBUG_INFORMATION_FORMAT = dwarf;
				ENABLE_STRICT_OBJC_MSGSEND = YES;
				ENABLE_TESTABILITY = YES;
				GCC_C_LANGUAGE_STANDARD = gnu99;
				GCC_DYNAMIC_NO_PIC = NO;
				GCC_NO_COMMON_BLOCKS = YES;
				GCC_OPTIMIZATION_LEVEL = 0;
				GCC_PREPROCESSOR_DEFINITIONS = (
					"DEBUG=1",
					"$(inherited)",
				);
				GCC_WARN_64_TO_32_BIT_CONVERSION = YES;
				GCC_WARN_ABOUT_RETURN_TYPE = YES_ERROR;
				GCC_WARN_UNDECLARED_SELECTOR = YES;
				GCC_WARN_UNINITIALIZED_AUTOS = YES_AGGRESSIVE;
				GCC_WARN_UNUSED_FUNCTION = YES;
				GCC_WARN_UNUSED_VARIABLE = YES;
				IPHONEOS_DEPLOYMENT_TARGET = 10.3;
				MTL_ENABLE_DEBUG_INFO = YES;
				ONLY_ACTIVE_ARCH = YES;
				SDKROOT = iphoneos;
				SWIFT_ACTIVE_COMPILATION_CONDITIONS = DEBUG;
				SWIFT_OPTIMIZATION_LEVEL = "-Onone";
			};
			name = Debug;
		};
		832411931F19B009008EC8B8 /* Release */ = {
			isa = XCBuildConfiguration;
			buildSettings = {
				ALWAYS_SEARCH_USER_PATHS = NO;
				CLANG_ANALYZER_NONNULL = YES;
				CLANG_ANALYZER_NUMBER_OBJECT_CONVERSION = YES_AGGRESSIVE;
				CLANG_CXX_LANGUAGE_STANDARD = "gnu++0x";
				CLANG_CXX_LIBRARY = "libc++";
				CLANG_ENABLE_MODULES = YES;
				CLANG_ENABLE_OBJC_ARC = YES;
				CLANG_WARN_BOOL_CONVERSION = YES;
				CLANG_WARN_CONSTANT_CONVERSION = YES;
				CLANG_WARN_DIRECT_OBJC_ISA_USAGE = YES_ERROR;
				CLANG_WARN_DOCUMENTATION_COMMENTS = YES;
				CLANG_WARN_EMPTY_BODY = YES;
				CLANG_WARN_ENUM_CONVERSION = YES;
				CLANG_WARN_INFINITE_RECURSION = YES;
				CLANG_WARN_INT_CONVERSION = YES;
				CLANG_WARN_OBJC_ROOT_CLASS = YES_ERROR;
				CLANG_WARN_SUSPICIOUS_MOVE = YES;
				CLANG_WARN_UNREACHABLE_CODE = YES;
				CLANG_WARN__DUPLICATE_METHOD_MATCH = YES;
				"CODE_SIGN_IDENTITY[sdk=iphoneos*]" = "iPhone Developer";
				COPY_PHASE_STRIP = NO;
				DEBUG_INFORMATION_FORMAT = "dwarf-with-dsym";
				ENABLE_NS_ASSERTIONS = NO;
				ENABLE_STRICT_OBJC_MSGSEND = YES;
				GCC_C_LANGUAGE_STANDARD = gnu99;
				GCC_NO_COMMON_BLOCKS = YES;
				GCC_WARN_64_TO_32_BIT_CONVERSION = YES;
				GCC_WARN_ABOUT_RETURN_TYPE = YES_ERROR;
				GCC_WARN_UNDECLARED_SELECTOR = YES;
				GCC_WARN_UNINITIALIZED_AUTOS = YES_AGGRESSIVE;
				GCC_WARN_UNUSED_FUNCTION = YES;
				GCC_WARN_UNUSED_VARIABLE = YES;
				IPHONEOS_DEPLOYMENT_TARGET = 10.3;
				MTL_ENABLE_DEBUG_INFO = NO;
				SDKROOT = iphoneos;
				SWIFT_OPTIMIZATION_LEVEL = "-Owholemodule";
				VALIDATE_PRODUCT = YES;
			};
			name = Release;
		};
		832411951F19B009008EC8B8 /* Debug */ = {
			isa = XCBuildConfiguration;
			baseConfigurationReference = 5AB51DE09595AE7A6A2E16C9 /* Pods-TopTens.debug.xcconfig */;
			buildSettings = {
				ASSETCATALOG_COMPILER_APPICON_NAME = AppIcon;
				DEVELOPMENT_TEAM = Z9UKN24YH9;
				INFOPLIST_FILE = "$(SRCROOT)/TopTens/Supporting/Info.plist";
				LD_RUNPATH_SEARCH_PATHS = "$(inherited) @executable_path/Frameworks";
				PRODUCT_BUNDLE_IDENTIFIER = com.KyleSomers.TopTens;
				PRODUCT_NAME = "$(TARGET_NAME)";
				SWIFT_VERSION = 3.0;
			};
			name = Debug;
		};
		832411961F19B009008EC8B8 /* Release */ = {
			isa = XCBuildConfiguration;
			baseConfigurationReference = 5A9B4FA1D0348BA09B83D43D /* Pods-TopTens.release.xcconfig */;
			buildSettings = {
				ASSETCATALOG_COMPILER_APPICON_NAME = AppIcon;
				DEVELOPMENT_TEAM = Z9UKN24YH9;
				INFOPLIST_FILE = "$(SRCROOT)/TopTens/Supporting/Info.plist";
				LD_RUNPATH_SEARCH_PATHS = "$(inherited) @executable_path/Frameworks";
				PRODUCT_BUNDLE_IDENTIFIER = com.KyleSomers.TopTens;
				PRODUCT_NAME = "$(TARGET_NAME)";
				SWIFT_VERSION = 3.0;
			};
			name = Release;
		};
/* End XCBuildConfiguration section */

/* Begin XCConfigurationList section */
		8324117D1F19B009008EC8B8 /* Build configuration list for PBXProject "TopTens" */ = {
			isa = XCConfigurationList;
			buildConfigurations = (
				832411921F19B009008EC8B8 /* Debug */,
				832411931F19B009008EC8B8 /* Release */,
			);
			defaultConfigurationIsVisible = 0;
			defaultConfigurationName = Release;
		};
		832411941F19B009008EC8B8 /* Build configuration list for PBXNativeTarget "TopTens" */ = {
			isa = XCConfigurationList;
			buildConfigurations = (
				832411951F19B009008EC8B8 /* Debug */,
				832411961F19B009008EC8B8 /* Release */,
			);
			defaultConfigurationIsVisible = 0;
			defaultConfigurationName = Release;
		};
/* End XCConfigurationList section */
	};
	rootObject = 8324117A1F19B009008EC8B8 /* Project object */;
}
